// !$*UTF8*$!
{
	archiveVersion = 1;
	classes = {
	};
	objectVersion = 55;
	objects = {

/* Begin PBXBuildFile section */
		A1100EBC27F0D4140026F09A /* Employee.swift in Sources */ = {isa = PBXBuildFile; fileRef = A1100EBB27F0D4140026F09A /* Employee.swift */; };
		A1100EBE27F0D5440026F09A /* Job.swift in Sources */ = {isa = PBXBuildFile; fileRef = A1100EBD27F0D5440026F09A /* Job.swift */; };
		A1100EC427F16FD10026F09A /* JobsViewController.swift in Sources */ = {isa = PBXBuildFile; fileRef = A1100EC327F16FD10026F09A /* JobsViewController.swift */; };
		A1732B0E27F2217D00E8647A /* MyCustomCell.swift in Sources */ = {isa = PBXBuildFile; fileRef = A1732B0C27F2217D00E8647A /* MyCustomCell.swift */; };
		A1732B0F27F2217D00E8647A /* MyCustomCell.xib in Resources */ = {isa = PBXBuildFile; fileRef = A1732B0D27F2217D00E8647A /* MyCustomCell.xib */; };
		A1F247FB27E0E36B00AA7A69 /* AppDelegate.swift in Sources */ = {isa = PBXBuildFile; fileRef = A1F247FA27E0E36B00AA7A69 /* AppDelegate.swift */; };
		A1F247FD27E0E36B00AA7A69 /* SceneDelegate.swift in Sources */ = {isa = PBXBuildFile; fileRef = A1F247FC27E0E36B00AA7A69 /* SceneDelegate.swift */; };
		A1F247FF27E0E36B00AA7A69 /* ViewController.swift in Sources */ = {isa = PBXBuildFile; fileRef = A1F247FE27E0E36B00AA7A69 /* ViewController.swift */; };
		A1F2480227E0E36B00AA7A69 /* Main.storyboard in Resources */ = {isa = PBXBuildFile; fileRef = A1F2480027E0E36B00AA7A69 /* Main.storyboard */; };
		A1F2480427E0E36D00AA7A69 /* Assets.xcassets in Resources */ = {isa = PBXBuildFile; fileRef = A1F2480327E0E36D00AA7A69 /* Assets.xcassets */; };
		A1F2480727E0E36D00AA7A69 /* LaunchScreen.storyboard in Resources */ = {isa = PBXBuildFile; fileRef = A1F2480527E0E36D00AA7A69 /* LaunchScreen.storyboard */; };
		A1FBBB1B27EA3E69001B0A92 /* GoogleService-Info.plist in Resources */ = {isa = PBXBuildFile; fileRef = A1FBBB1A27EA3E69001B0A92 /* GoogleService-Info.plist */; };
		A1FBBB4227EA5413001B0A92 /* FirebaseAnalytics in Frameworks */ = {isa = PBXBuildFile; productRef = A1FBBB4127EA5413001B0A92 /* FirebaseAnalytics */; };
		A1FBBB4427EA5413001B0A92 /* FirebaseAnalyticsSwift-Beta in Frameworks */ = {isa = PBXBuildFile; productRef = A1FBBB4327EA5413001B0A92 /* FirebaseAnalyticsSwift-Beta */; };
		A1FBBB4627EA5413001B0A92 /* FirebaseAnalyticsWithoutAdIdSupport in Frameworks */ = {isa = PBXBuildFile; productRef = A1FBBB4527EA5413001B0A92 /* FirebaseAnalyticsWithoutAdIdSupport */; };
		A1FBBB4827EA5413001B0A92 /* FirebaseAppCheck in Frameworks */ = {isa = PBXBuildFile; productRef = A1FBBB4727EA5413001B0A92 /* FirebaseAppCheck */; };
		A1FBBB4A27EA5413001B0A92 /* FirebaseAppDistribution-Beta in Frameworks */ = {isa = PBXBuildFile; productRef = A1FBBB4927EA5413001B0A92 /* FirebaseAppDistribution-Beta */; };
		A1FBBB4C27EA5413001B0A92 /* FirebaseAuth in Frameworks */ = {isa = PBXBuildFile; productRef = A1FBBB4B27EA5413001B0A92 /* FirebaseAuth */; };
		A1FBBB4E27EA5413001B0A92 /* FirebaseAuthCombine-Community in Frameworks */ = {isa = PBXBuildFile; productRef = A1FBBB4D27EA5413001B0A92 /* FirebaseAuthCombine-Community */; };
		A1FBBB5027EA5413001B0A92 /* FirebaseCrashlytics in Frameworks */ = {isa = PBXBuildFile; productRef = A1FBBB4F27EA5413001B0A92 /* FirebaseCrashlytics */; };
		A1FBBB5227EA5413001B0A92 /* FirebaseDatabase in Frameworks */ = {isa = PBXBuildFile; productRef = A1FBBB5127EA5413001B0A92 /* FirebaseDatabase */; };
		A1FBBB5427EA5413001B0A92 /* FirebaseDatabaseSwift-Beta in Frameworks */ = {isa = PBXBuildFile; productRef = A1FBBB5327EA5413001B0A92 /* FirebaseDatabaseSwift-Beta */; };
		A1FBBB5627EA5413001B0A92 /* FirebaseDynamicLinks in Frameworks */ = {isa = PBXBuildFile; productRef = A1FBBB5527EA5413001B0A92 /* FirebaseDynamicLinks */; };
		A1FBBB5827EA5413001B0A92 /* FirebaseFirestore in Frameworks */ = {isa = PBXBuildFile; productRef = A1FBBB5727EA5413001B0A92 /* FirebaseFirestore */; };
		A1FBBB5A27EA5413001B0A92 /* FirebaseFirestoreCombine-Community in Frameworks */ = {isa = PBXBuildFile; productRef = A1FBBB5927EA5413001B0A92 /* FirebaseFirestoreCombine-Community */; };
		A1FBBB5C27EA5413001B0A92 /* FirebaseFirestoreSwift-Beta in Frameworks */ = {isa = PBXBuildFile; productRef = A1FBBB5B27EA5413001B0A92 /* FirebaseFirestoreSwift-Beta */; };
		A1FBBB5E27EA5413001B0A92 /* FirebaseFunctions in Frameworks */ = {isa = PBXBuildFile; productRef = A1FBBB5D27EA5413001B0A92 /* FirebaseFunctions */; };
		A1FBBB6027EA5413001B0A92 /* FirebaseFunctionsCombine-Community in Frameworks */ = {isa = PBXBuildFile; productRef = A1FBBB5F27EA5413001B0A92 /* FirebaseFunctionsCombine-Community */; };
		A1FBBB6227EA5413001B0A92 /* FirebaseFunctionsSwift-Beta in Frameworks */ = {isa = PBXBuildFile; productRef = A1FBBB6127EA5413001B0A92 /* FirebaseFunctionsSwift-Beta */; };
		A1FBBB6427EA5413001B0A92 /* FirebaseInAppMessaging-Beta in Frameworks */ = {isa = PBXBuildFile; productRef = A1FBBB6327EA5413001B0A92 /* FirebaseInAppMessaging-Beta */; };
		A1FBBB6627EA5413001B0A92 /* FirebaseInAppMessagingSwift-Beta in Frameworks */ = {isa = PBXBuildFile; productRef = A1FBBB6527EA5413001B0A92 /* FirebaseInAppMessagingSwift-Beta */; };
		A1FBBB6827EA5413001B0A92 /* FirebaseInstallations in Frameworks */ = {isa = PBXBuildFile; productRef = A1FBBB6727EA5413001B0A92 /* FirebaseInstallations */; };
		A1FBBB6A27EA5413001B0A92 /* FirebaseMLModelDownloader in Frameworks */ = {isa = PBXBuildFile; productRef = A1FBBB6927EA5413001B0A92 /* FirebaseMLModelDownloader */; };
		A1FBBB6C27EA5413001B0A92 /* FirebaseMessaging in Frameworks */ = {isa = PBXBuildFile; productRef = A1FBBB6B27EA5413001B0A92 /* FirebaseMessaging */; };
		A1FBBB6E27EA5413001B0A92 /* FirebasePerformance in Frameworks */ = {isa = PBXBuildFile; productRef = A1FBBB6D27EA5413001B0A92 /* FirebasePerformance */; };
		A1FBBB7027EA5413001B0A92 /* FirebaseRemoteConfig in Frameworks */ = {isa = PBXBuildFile; productRef = A1FBBB6F27EA5413001B0A92 /* FirebaseRemoteConfig */; };
		A1FBBB7227EA5413001B0A92 /* FirebaseRemoteConfigSwift-Beta in Frameworks */ = {isa = PBXBuildFile; productRef = A1FBBB7127EA5413001B0A92 /* FirebaseRemoteConfigSwift-Beta */; };
		A1FBBB7427EA5413001B0A92 /* FirebaseStorage in Frameworks */ = {isa = PBXBuildFile; productRef = A1FBBB7327EA5413001B0A92 /* FirebaseStorage */; };
		A1FBBB7627EA5413001B0A92 /* FirebaseStorageCombine-Community in Frameworks */ = {isa = PBXBuildFile; productRef = A1FBBB7527EA5413001B0A92 /* FirebaseStorageCombine-Community */; };
		A1FBBB7827EA5413001B0A92 /* FirebaseStorageSwift-Beta in Frameworks */ = {isa = PBXBuildFile; productRef = A1FBBB7727EA5413001B0A92 /* FirebaseStorageSwift-Beta */; };
/* End PBXBuildFile section */

/* Begin PBXFileReference section */
		A1100EBB27F0D4140026F09A /* Employee.swift */ = {isa = PBXFileReference; lastKnownFileType = sourcecode.swift; path = Employee.swift; sourceTree = "<group>"; };
		A1100EBD27F0D5440026F09A /* Job.swift */ = {isa = PBXFileReference; lastKnownFileType = sourcecode.swift; path = Job.swift; sourceTree = "<group>"; };
		A1100EC327F16FD10026F09A /* JobsViewController.swift */ = {isa = PBXFileReference; lastKnownFileType = sourcecode.swift; path = JobsViewController.swift; sourceTree = "<group>"; };
		A1732B0C27F2217D00E8647A /* MyCustomCell.swift */ = {isa = PBXFileReference; lastKnownFileType = sourcecode.swift; name = MyCustomCell.swift; path = ../MyCustomCell.swift; sourceTree = "<group>"; };
		A1732B0D27F2217D00E8647A /* MyCustomCell.xib */ = {isa = PBXFileReference; lastKnownFileType = file.xib; path = MyCustomCell.xib; sourceTree = "<group>"; };
		A1F247F727E0E36B00AA7A69 /* TaskCommander.app */ = {isa = PBXFileReference; explicitFileType = wrapper.application; includeInIndex = 0; path = TaskCommander.app; sourceTree = BUILT_PRODUCTS_DIR; };
		A1F247FA27E0E36B00AA7A69 /* AppDelegate.swift */ = {isa = PBXFileReference; lastKnownFileType = sourcecode.swift; path = AppDelegate.swift; sourceTree = "<group>"; };
		A1F247FC27E0E36B00AA7A69 /* SceneDelegate.swift */ = {isa = PBXFileReference; lastKnownFileType = sourcecode.swift; path = SceneDelegate.swift; sourceTree = "<group>"; };
		A1F247FE27E0E36B00AA7A69 /* ViewController.swift */ = {isa = PBXFileReference; lastKnownFileType = sourcecode.swift; path = ViewController.swift; sourceTree = "<group>"; };
		A1F2480127E0E36B00AA7A69 /* Base */ = {isa = PBXFileReference; lastKnownFileType = file.storyboard; name = Base; path = Base.lproj/Main.storyboard; sourceTree = "<group>"; };
		A1F2480327E0E36D00AA7A69 /* Assets.xcassets */ = {isa = PBXFileReference; lastKnownFileType = folder.assetcatalog; path = Assets.xcassets; sourceTree = "<group>"; };
		A1F2480627E0E36D00AA7A69 /* Base */ = {isa = PBXFileReference; lastKnownFileType = file.storyboard; name = Base; path = Base.lproj/LaunchScreen.storyboard; sourceTree = "<group>"; };
		A1F2480827E0E36D00AA7A69 /* Info.plist */ = {isa = PBXFileReference; lastKnownFileType = text.plist.xml; path = Info.plist; sourceTree = "<group>"; };
		A1FBBB1A27EA3E69001B0A92 /* GoogleService-Info.plist */ = {isa = PBXFileReference; fileEncoding = 4; lastKnownFileType = text.plist.xml; path = "GoogleService-Info.plist"; sourceTree = "<group>"; };
/* End PBXFileReference section */

/* Begin PBXFrameworksBuildPhase section */
		A1F247F427E0E36B00AA7A69 /* Frameworks */ = {
			isa = PBXFrameworksBuildPhase;
			buildActionMask = 2147483647;
			files = (
				A1FBBB5A27EA5413001B0A92 /* FirebaseFirestoreCombine-Community in Frameworks */,
				A1FBBB5427EA5413001B0A92 /* FirebaseDatabaseSwift-Beta in Frameworks */,
				A1FBBB5627EA5413001B0A92 /* FirebaseDynamicLinks in Frameworks */,
				A1FBBB4827EA5413001B0A92 /* FirebaseAppCheck in Frameworks */,
				A1FBBB4C27EA5413001B0A92 /* FirebaseAuth in Frameworks */,
				A1FBBB7827EA5413001B0A92 /* FirebaseStorageSwift-Beta in Frameworks */,
				A1FBBB4427EA5413001B0A92 /* FirebaseAnalyticsSwift-Beta in Frameworks */,
				A1FBBB7227EA5413001B0A92 /* FirebaseRemoteConfigSwift-Beta in Frameworks */,
				A1FBBB6A27EA5413001B0A92 /* FirebaseMLModelDownloader in Frameworks */,
				A1FBBB5827EA5413001B0A92 /* FirebaseFirestore in Frameworks */,
				A1FBBB6027EA5413001B0A92 /* FirebaseFunctionsCombine-Community in Frameworks */,
				A1FBBB4A27EA5413001B0A92 /* FirebaseAppDistribution-Beta in Frameworks */,
				A1FBBB4627EA5413001B0A92 /* FirebaseAnalyticsWithoutAdIdSupport in Frameworks */,
				A1FBBB5C27EA5413001B0A92 /* FirebaseFirestoreSwift-Beta in Frameworks */,
				A1FBBB6427EA5413001B0A92 /* FirebaseInAppMessaging-Beta in Frameworks */,
				A1FBBB5027EA5413001B0A92 /* FirebaseCrashlytics in Frameworks */,
				A1FBBB5227EA5413001B0A92 /* FirebaseDatabase in Frameworks */,
				A1FBBB7627EA5413001B0A92 /* FirebaseStorageCombine-Community in Frameworks */,
				A1FBBB7027EA5413001B0A92 /* FirebaseRemoteConfig in Frameworks */,
				A1FBBB6227EA5413001B0A92 /* FirebaseFunctionsSwift-Beta in Frameworks */,
				A1FBBB5E27EA5413001B0A92 /* FirebaseFunctions in Frameworks */,
				A1FBBB6E27EA5413001B0A92 /* FirebasePerformance in Frameworks */,
				A1FBBB6627EA5413001B0A92 /* FirebaseInAppMessagingSwift-Beta in Frameworks */,
				A1FBBB7427EA5413001B0A92 /* FirebaseStorage in Frameworks */,
				A1FBBB4E27EA5413001B0A92 /* FirebaseAuthCombine-Community in Frameworks */,
				A1FBBB4227EA5413001B0A92 /* FirebaseAnalytics in Frameworks */,
				A1FBBB6C27EA5413001B0A92 /* FirebaseMessaging in Frameworks */,
				A1FBBB6827EA5413001B0A92 /* FirebaseInstallations in Frameworks */,
			);
			runOnlyForDeploymentPostprocessing = 0;
		};
/* End PBXFrameworksBuildPhase section */

/* Begin PBXGroup section */
		A1F247EE27E0E36B00AA7A69 = {
			isa = PBXGroup;
			children = (
				A1F247F927E0E36B00AA7A69 /* TaskCommander */,
				A1F247F827E0E36B00AA7A69 /* Products */,
			);
			sourceTree = "<group>";
		};
		A1F247F827E0E36B00AA7A69 /* Products */ = {
			isa = PBXGroup;
			children = (
				A1F247F727E0E36B00AA7A69 /* TaskCommander.app */,
			);
			name = Products;
			sourceTree = "<group>";
		};
		A1F247F927E0E36B00AA7A69 /* TaskCommander */ = {
			isa = PBXGroup;
			children = (
				A1732B0D27F2217D00E8647A /* MyCustomCell.xib */,
				A1732B0C27F2217D00E8647A /* MyCustomCell.swift */,
				A1FBBB1A27EA3E69001B0A92 /* GoogleService-Info.plist */,
				A1F247FA27E0E36B00AA7A69 /* AppDelegate.swift */,
				A1F247FC27E0E36B00AA7A69 /* SceneDelegate.swift */,
				A1F247FE27E0E36B00AA7A69 /* ViewController.swift */,
				A1F2480027E0E36B00AA7A69 /* Main.storyboard */,
				A1F2480327E0E36D00AA7A69 /* Assets.xcassets */,
				A1F2480527E0E36D00AA7A69 /* LaunchScreen.storyboard */,
				A1F2480827E0E36D00AA7A69 /* Info.plist */,
				A1100EBB27F0D4140026F09A /* Employee.swift */,
				A1100EBD27F0D5440026F09A /* Job.swift */,
				A1100EC327F16FD10026F09A /* JobsViewController.swift */,
			);
			path = TaskCommander;
			sourceTree = "<group>";
		};
/* End PBXGroup section */

/* Begin PBXNativeTarget section */
		A1F247F627E0E36B00AA7A69 /* TaskCommander */ = {
			isa = PBXNativeTarget;
			buildConfigurationList = A1F2480B27E0E36D00AA7A69 /* Build configuration list for PBXNativeTarget "TaskCommander" */;
			buildPhases = (
				A1F247F327E0E36B00AA7A69 /* Sources */,
				A1F247F427E0E36B00AA7A69 /* Frameworks */,
				A1F247F527E0E36B00AA7A69 /* Resources */,
			);
			buildRules = (
			);
			dependencies = (
			);
			name = TaskCommander;
			packageProductDependencies = (
				A1FBBB4127EA5413001B0A92 /* FirebaseAnalytics */,
				A1FBBB4327EA5413001B0A92 /* FirebaseAnalyticsSwift-Beta */,
				A1FBBB4527EA5413001B0A92 /* FirebaseAnalyticsWithoutAdIdSupport */,
				A1FBBB4727EA5413001B0A92 /* FirebaseAppCheck */,
				A1FBBB4927EA5413001B0A92 /* FirebaseAppDistribution-Beta */,
				A1FBBB4B27EA5413001B0A92 /* FirebaseAuth */,
				A1FBBB4D27EA5413001B0A92 /* FirebaseAuthCombine-Community */,
				A1FBBB4F27EA5413001B0A92 /* FirebaseCrashlytics */,
				A1FBBB5127EA5413001B0A92 /* FirebaseDatabase */,
				A1FBBB5327EA5413001B0A92 /* FirebaseDatabaseSwift-Beta */,
				A1FBBB5527EA5413001B0A92 /* FirebaseDynamicLinks */,
				A1FBBB5727EA5413001B0A92 /* FirebaseFirestore */,
				A1FBBB5927EA5413001B0A92 /* FirebaseFirestoreCombine-Community */,
				A1FBBB5B27EA5413001B0A92 /* FirebaseFirestoreSwift-Beta */,
				A1FBBB5D27EA5413001B0A92 /* FirebaseFunctions */,
				A1FBBB5F27EA5413001B0A92 /* FirebaseFunctionsCombine-Community */,
				A1FBBB6127EA5413001B0A92 /* FirebaseFunctionsSwift-Beta */,
				A1FBBB6327EA5413001B0A92 /* FirebaseInAppMessaging-Beta */,
				A1FBBB6527EA5413001B0A92 /* FirebaseInAppMessagingSwift-Beta */,
				A1FBBB6727EA5413001B0A92 /* FirebaseInstallations */,
				A1FBBB6927EA5413001B0A92 /* FirebaseMLModelDownloader */,
				A1FBBB6B27EA5413001B0A92 /* FirebaseMessaging */,
				A1FBBB6D27EA5413001B0A92 /* FirebasePerformance */,
				A1FBBB6F27EA5413001B0A92 /* FirebaseRemoteConfig */,
				A1FBBB7127EA5413001B0A92 /* FirebaseRemoteConfigSwift-Beta */,
				A1FBBB7327EA5413001B0A92 /* FirebaseStorage */,
				A1FBBB7527EA5413001B0A92 /* FirebaseStorageCombine-Community */,
				A1FBBB7727EA5413001B0A92 /* FirebaseStorageSwift-Beta */,
			);
			productName = TaskCommander;
			productReference = A1F247F727E0E36B00AA7A69 /* TaskCommander.app */;
			productType = "com.apple.product-type.application";
		};
/* End PBXNativeTarget section */

/* Begin PBXProject section */
		A1F247EF27E0E36B00AA7A69 /* Project object */ = {
			isa = PBXProject;
			attributes = {
				BuildIndependentTargetsInParallel = 1;
				LastSwiftUpdateCheck = 1320;
				LastUpgradeCheck = 1320;
				TargetAttributes = {
					A1F247F627E0E36B00AA7A69 = {
						CreatedOnToolsVersion = 13.2.1;
					};
				};
			};
			buildConfigurationList = A1F247F227E0E36B00AA7A69 /* Build configuration list for PBXProject "TaskCommander" */;
			compatibilityVersion = "Xcode 13.0";
			developmentRegion = en;
			hasScannedForEncodings = 0;
			knownRegions = (
				en,
				Base,
			);
			mainGroup = A1F247EE27E0E36B00AA7A69;
			packageReferences = (
				A1FBBB4027EA5413001B0A92 /* XCRemoteSwiftPackageReference "firebase-ios-sdk" */,
			);
			productRefGroup = A1F247F827E0E36B00AA7A69 /* Products */;
			projectDirPath = "";
			projectRoot = "";
			targets = (
				A1F247F627E0E36B00AA7A69 /* TaskCommander */,
			);
		};
/* End PBXProject section */

/* Begin PBXResourcesBuildPhase section */
		A1F247F527E0E36B00AA7A69 /* Resources */ = {
			isa = PBXResourcesBuildPhase;
			buildActionMask = 2147483647;
			files = (
				A1F2480727E0E36D00AA7A69 /* LaunchScreen.storyboard in Resources */,
				A1FBBB1B27EA3E69001B0A92 /* GoogleService-Info.plist in Resources */,
				A1F2480427E0E36D00AA7A69 /* Assets.xcassets in Resources */,
				A1F2480227E0E36B00AA7A69 /* Main.storyboard in Resources */,
				A1732B0F27F2217D00E8647A /* MyCustomCell.xib in Resources */,
			);
			runOnlyForDeploymentPostprocessing = 0;
		};
/* End PBXResourcesBuildPhase section */

/* Begin PBXSourcesBuildPhase section */
		A1F247F327E0E36B00AA7A69 /* Sources */ = {
			isa = PBXSourcesBuildPhase;
			buildActionMask = 2147483647;
			files = (
				A1F247FF27E0E36B00AA7A69 /* ViewController.swift in Sources */,
				A1100EBC27F0D4140026F09A /* Employee.swift in Sources */,
				A1100EC427F16FD10026F09A /* JobsViewController.swift in Sources */,
				A1732B0E27F2217D00E8647A /* MyCustomCell.swift in Sources */,
				A1F247FB27E0E36B00AA7A69 /* AppDelegate.swift in Sources */,
				A1F247FD27E0E36B00AA7A69 /* SceneDelegate.swift in Sources */,
				A1100EBE27F0D5440026F09A /* Job.swift in Sources */,
			);
			runOnlyForDeploymentPostprocessing = 0;
		};
/* End PBXSourcesBuildPhase section */

/* Begin PBXVariantGroup section */
		A1F2480027E0E36B00AA7A69 /* Main.storyboard */ = {
			isa = PBXVariantGroup;
			children = (
				A1F2480127E0E36B00AA7A69 /* Base */,
			);
			name = Main.storyboard;
			sourceTree = "<group>";
		};
		A1F2480527E0E36D00AA7A69 /* LaunchScreen.storyboard */ = {
			isa = PBXVariantGroup;
			children = (
				A1F2480627E0E36D00AA7A69 /* Base */,
			);
			name = LaunchScreen.storyboard;
			sourceTree = "<group>";
		};
/* End PBXVariantGroup section */

/* Begin XCBuildConfiguration section */
		A1F2480927E0E36D00AA7A69 /* Debug */ = {
			isa = XCBuildConfiguration;
			buildSettings = {
				ALWAYS_SEARCH_USER_PATHS = NO;
				CLANG_ANALYZER_NONNULL = YES;
				CLANG_ANALYZER_NUMBER_OBJECT_CONVERSION = YES_AGGRESSIVE;
				CLANG_CXX_LANGUAGE_STANDARD = "gnu++17";
				CLANG_CXX_LIBRARY = "libc++";
				CLANG_ENABLE_MODULES = YES;
				CLANG_ENABLE_OBJC_ARC = YES;
				CLANG_ENABLE_OBJC_WEAK = YES;
				CLANG_WARN_BLOCK_CAPTURE_AUTORELEASING = YES;
				CLANG_WARN_BOOL_CONVERSION = YES;
				CLANG_WARN_COMMA = YES;
				CLANG_WARN_CONSTANT_CONVERSION = YES;
				CLANG_WARN_DEPRECATED_OBJC_IMPLEMENTATIONS = YES;
				CLANG_WARN_DIRECT_OBJC_ISA_USAGE = YES_ERROR;
				CLANG_WARN_DOCUMENTATION_COMMENTS = YES;
				CLANG_WARN_EMPTY_BODY = YES;
				CLANG_WARN_ENUM_CONVERSION = YES;
				CLANG_WARN_INFINITE_RECURSION = YES;
				CLANG_WARN_INT_CONVERSION = YES;
				CLANG_WARN_NON_LITERAL_NULL_CONVERSION = YES;
				CLANG_WARN_OBJC_IMPLICIT_RETAIN_SELF = YES;
				CLANG_WARN_OBJC_LITERAL_CONVERSION = YES;
				CLANG_WARN_OBJC_ROOT_CLASS = YES_ERROR;
				CLANG_WARN_QUOTED_INCLUDE_IN_FRAMEWORK_HEADER = YES;
				CLANG_WARN_RANGE_LOOP_ANALYSIS = YES;
				CLANG_WARN_STRICT_PROTOTYPES = YES;
				CLANG_WARN_SUSPICIOUS_MOVE = YES;
				CLANG_WARN_UNGUARDED_AVAILABILITY = YES_AGGRESSIVE;
				CLANG_WARN_UNREACHABLE_CODE = YES;
				CLANG_WARN__DUPLICATE_METHOD_MATCH = YES;
				COPY_PHASE_STRIP = NO;
				DEBUG_INFORMATION_FORMAT = dwarf;
				ENABLE_STRICT_OBJC_MSGSEND = YES;
				ENABLE_TESTABILITY = YES;
				GCC_C_LANGUAGE_STANDARD = gnu11;
				GCC_DYNAMIC_NO_PIC = NO;
				GCC_NO_COMMON_BLOCKS = YES;
				GCC_OPTIMIZATION_LEVEL = 0;
				GCC_PREPROCESSOR_DEFINITIONS = (
					"DEBUG=1",
					"$(inherited)",
				);
				GCC_WARN_64_TO_32_BIT_CONVERSION = YES;
				GCC_WARN_ABOUT_RETURN_TYPE = YES_ERROR;
				GCC_WARN_UNDECLARED_SELECTOR = YES;
				GCC_WARN_UNINITIALIZED_AUTOS = YES_AGGRESSIVE;
				GCC_WARN_UNUSED_FUNCTION = YES;
				GCC_WARN_UNUSED_VARIABLE = YES;
				IPHONEOS_DEPLOYMENT_TARGET = 15.2;
				MTL_ENABLE_DEBUG_INFO = INCLUDE_SOURCE;
				MTL_FAST_MATH = YES;
				ONLY_ACTIVE_ARCH = YES;
				SDKROOT = iphoneos;
				SWIFT_ACTIVE_COMPILATION_CONDITIONS = DEBUG;
				SWIFT_OPTIMIZATION_LEVEL = "-Onone";
			};
			name = Debug;
		};
		A1F2480A27E0E36D00AA7A69 /* Release */ = {
			isa = XCBuildConfiguration;
			buildSettings = {
				ALWAYS_SEARCH_USER_PATHS = NO;
				CLANG_ANALYZER_NONNULL = YES;
				CLANG_ANALYZER_NUMBER_OBJECT_CONVERSION = YES_AGGRESSIVE;
				CLANG_CXX_LANGUAGE_STANDARD = "gnu++17";
				CLANG_CXX_LIBRARY = "libc++";
				CLANG_ENABLE_MODULES = YES;
				CLANG_ENABLE_OBJC_ARC = YES;
				CLANG_ENABLE_OBJC_WEAK = YES;
				CLANG_WARN_BLOCK_CAPTURE_AUTORELEASING = YES;
				CLANG_WARN_BOOL_CONVERSION = YES;
				CLANG_WARN_COMMA = YES;
				CLANG_WARN_CONSTANT_CONVERSION = YES;
				CLANG_WARN_DEPRECATED_OBJC_IMPLEMENTATIONS = YES;
				CLANG_WARN_DIRECT_OBJC_ISA_USAGE = YES_ERROR;
				CLANG_WARN_DOCUMENTATION_COMMENTS = YES;
				CLANG_WARN_EMPTY_BODY = YES;
				CLANG_WARN_ENUM_CONVERSION = YES;
				CLANG_WARN_INFINITE_RECURSION = YES;
				CLANG_WARN_INT_CONVERSION = YES;
				CLANG_WARN_NON_LITERAL_NULL_CONVERSION = YES;
				CLANG_WARN_OBJC_IMPLICIT_RETAIN_SELF = YES;
				CLANG_WARN_OBJC_LITERAL_CONVERSION = YES;
				CLANG_WARN_OBJC_ROOT_CLASS = YES_ERROR;
				CLANG_WARN_QUOTED_INCLUDE_IN_FRAMEWORK_HEADER = YES;
				CLANG_WARN_RANGE_LOOP_ANALYSIS = YES;
				CLANG_WARN_STRICT_PROTOTYPES = YES;
				CLANG_WARN_SUSPICIOUS_MOVE = YES;
				CLANG_WARN_UNGUARDED_AVAILABILITY = YES_AGGRESSIVE;
				CLANG_WARN_UNREACHABLE_CODE = YES;
				CLANG_WARN__DUPLICATE_METHOD_MATCH = YES;
				COPY_PHASE_STRIP = NO;
				DEBUG_INFORMATION_FORMAT = "dwarf-with-dsym";
				ENABLE_NS_ASSERTIONS = NO;
				ENABLE_STRICT_OBJC_MSGSEND = YES;
				GCC_C_LANGUAGE_STANDARD = gnu11;
				GCC_NO_COMMON_BLOCKS = YES;
				GCC_WARN_64_TO_32_BIT_CONVERSION = YES;
				GCC_WARN_ABOUT_RETURN_TYPE = YES_ERROR;
				GCC_WARN_UNDECLARED_SELECTOR = YES;
				GCC_WARN_UNINITIALIZED_AUTOS = YES_AGGRESSIVE;
				GCC_WARN_UNUSED_FUNCTION = YES;
				GCC_WARN_UNUSED_VARIABLE = YES;
				IPHONEOS_DEPLOYMENT_TARGET = 15.2;
				MTL_ENABLE_DEBUG_INFO = NO;
				MTL_FAST_MATH = YES;
				SDKROOT = iphoneos;
				SWIFT_COMPILATION_MODE = wholemodule;
				SWIFT_OPTIMIZATION_LEVEL = "-O";
				VALIDATE_PRODUCT = YES;
			};
			name = Release;
		};
		A1F2480C27E0E36D00AA7A69 /* Debug */ = {
			isa = XCBuildConfiguration;
			buildSettings = {
				ASSETCATALOG_COMPILER_APPICON_NAME = AppIcon;
				ASSETCATALOG_COMPILER_GLOBAL_ACCENT_COLOR_NAME = AccentColor;
				CODE_SIGN_STYLE = Automatic;
				CURRENT_PROJECT_VERSION = 1;
				GENERATE_INFOPLIST_FILE = YES;
				INFOPLIST_FILE = TaskCommander/Info.plist;
				INFOPLIST_KEY_UIApplicationSupportsIndirectInputEvents = YES;
				INFOPLIST_KEY_UILaunchStoryboardName = LaunchScreen;
				INFOPLIST_KEY_UIMainStoryboardFile = Main;
				INFOPLIST_KEY_UISupportedInterfaceOrientations = UIInterfaceOrientationPortrait;
				INFOPLIST_KEY_UISupportedInterfaceOrientations_iPad = "UIInterfaceOrientationPortrait UIInterfaceOrientationPortraitUpsideDown UIInterfaceOrientationLandscapeLeft UIInterfaceOrientationLandscapeRight";
				INFOPLIST_KEY_UISupportedInterfaceOrientations_iPhone = "UIInterfaceOrientationPortrait UIInterfaceOrientationLandscapeLeft UIInterfaceOrientationLandscapeRight";
				LD_RUNPATH_SEARCH_PATHS = (
					"$(inherited)",
					"@executable_path/Frameworks",
				);
				MARKETING_VERSION = 1.0;
				PRODUCT_BUNDLE_IDENTIFIER = com.benjamin.TaskCommander;
				PRODUCT_NAME = "$(TARGET_NAME)";
				SWIFT_EMIT_LOC_STRINGS = YES;
				SWIFT_VERSION = 5.0;
				TARGETED_DEVICE_FAMILY = "1,2";
			};
			name = Debug;
		};
		A1F2480D27E0E36D00AA7A69 /* Release */ = {
			isa = XCBuildConfiguration;
			buildSettings = {
				ASSETCATALOG_COMPILER_APPICON_NAME = AppIcon;
				ASSETCATALOG_COMPILER_GLOBAL_ACCENT_COLOR_NAME = AccentColor;
				CODE_SIGN_STYLE = Automatic;
				CURRENT_PROJECT_VERSION = 1;
				GENERATE_INFOPLIST_FILE = YES;
				INFOPLIST_FILE = TaskCommander/Info.plist;
				INFOPLIST_KEY_UIApplicationSupportsIndirectInputEvents = YES;
				INFOPLIST_KEY_UILaunchStoryboardName = LaunchScreen;
				INFOPLIST_KEY_UIMainStoryboardFile = Main;
				INFOPLIST_KEY_UISupportedInterfaceOrientations = UIInterfaceOrientationPortrait;
				INFOPLIST_KEY_UISupportedInterfaceOrientations_iPad = "UIInterfaceOrientationPortrait UIInterfaceOrientationPortraitUpsideDown UIInterfaceOrientationLandscapeLeft UIInterfaceOrientationLandscapeRight";
				INFOPLIST_KEY_UISupportedInterfaceOrientations_iPhone = "UIInterfaceOrientationPortrait UIInterfaceOrientationLandscapeLeft UIInterfaceOrientationLandscapeRight";
				LD_RUNPATH_SEARCH_PATHS = (
					"$(inherited)",
					"@executable_path/Frameworks",
				);
				MARKETING_VERSION = 1.0;
				PRODUCT_BUNDLE_IDENTIFIER = com.benjamin.TaskCommander;
				PRODUCT_NAME = "$(TARGET_NAME)";
				SWIFT_EMIT_LOC_STRINGS = YES;
				SWIFT_VERSION = 5.0;
				TARGETED_DEVICE_FAMILY = "1,2";
			};
			name = Release;
		};
/* End XCBuildConfiguration section */

/* Begin XCConfigurationList section */
		A1F247F227E0E36B00AA7A69 /* Build configuration list for PBXProject "TaskCommander" */ = {
			isa = XCConfigurationList;
			buildConfigurations = (
				A1F2480927E0E36D00AA7A69 /* Debug */,
				A1F2480A27E0E36D00AA7A69 /* Release */,
			);
			defaultConfigurationIsVisible = 0;
			defaultConfigurationName = Release;
		};
		A1F2480B27E0E36D00AA7A69 /* Build configuration list for PBXNativeTarget "TaskCommander" */ = {
			isa = XCConfigurationList;
			buildConfigurations = (
				A1F2480C27E0E36D00AA7A69 /* Debug */,
				A1F2480D27E0E36D00AA7A69 /* Release */,
			);
			defaultConfigurationIsVisible = 0;
			defaultConfigurationName = Release;
		};
/* End XCConfigurationList section */

/* Begin XCRemoteSwiftPackageReference section */
		A1FBBB4027EA5413001B0A92 /* XCRemoteSwiftPackageReference "firebase-ios-sdk" */ = {
			isa = XCRemoteSwiftPackageReference;
			repositoryURL = "https://github.com/firebase/firebase-ios-sdk";
			requirement = {
				branch = master;
				kind = branch;
			};
		};
/* End XCRemoteSwiftPackageReference section */

/* Begin XCSwiftPackageProductDependency section */
		A1FBBB4127EA5413001B0A92 /* FirebaseAnalytics */ = {
			isa = XCSwiftPackageProductDependency;
			package = A1FBBB4027EA5413001B0A92 /* XCRemoteSwiftPackageReference "firebase-ios-sdk" */;
			productName = FirebaseAnalytics;
		};
		A1FBBB4327EA5413001B0A92 /* FirebaseAnalyticsSwift-Beta */ = {
			isa = XCSwiftPackageProductDependency;
			package = A1FBBB4027EA5413001B0A92 /* XCRemoteSwiftPackageReference "firebase-ios-sdk" */;
			productName = "FirebaseAnalyticsSwift-Beta";
		};
		A1FBBB4527EA5413001B0A92 /* FirebaseAnalyticsWithoutAdIdSupport */ = {
			isa = XCSwiftPackageProductDependency;
			package = A1FBBB4027EA5413001B0A92 /* XCRemoteSwiftPackageReference "firebase-ios-sdk" */;
			productName = FirebaseAnalyticsWithoutAdIdSupport;
		};
		A1FBBB4727EA5413001B0A92 /* FirebaseAppCheck */ = {
			isa = XCSwiftPackageProductDependency;
			package = A1FBBB4027EA5413001B0A92 /* XCRemoteSwiftPackageReference "firebase-ios-sdk" */;
			productName = FirebaseAppCheck;
		};
		A1FBBB4927EA5413001B0A92 /* FirebaseAppDistribution-Beta */ = {
			isa = XCSwiftPackageProductDependency;
			package = A1FBBB4027EA5413001B0A92 /* XCRemoteSwiftPackageReference "firebase-ios-sdk" */;
			productName = "FirebaseAppDistribution-Beta";
		};
		A1FBBB4B27EA5413001B0A92 /* FirebaseAuth */ = {
			isa = XCSwiftPackageProductDependency;
			package = A1FBBB4027EA5413001B0A92 /* XCRemoteSwiftPackageReference "firebase-ios-sdk" */;
			productName = FirebaseAuth;
		};
		A1FBBB4D27EA5413001B0A92 /* FirebaseAuthCombine-Community */ = {
			isa = XCSwiftPackageProductDependency;
			package = A1FBBB4027EA5413001B0A92 /* XCRemoteSwiftPackageReference "firebase-ios-sdk" */;
			productName = "FirebaseAuthCombine-Community";
		};
		A1FBBB4F27EA5413001B0A92 /* FirebaseCrashlytics */ = {
			isa = XCSwiftPackageProductDependency;
			package = A1FBBB4027EA5413001B0A92 /* XCRemoteSwiftPackageReference "firebase-ios-sdk" */;
			productName = FirebaseCrashlytics;
		};
		A1FBBB5127EA5413001B0A92 /* FirebaseDatabase */ = {
			isa = XCSwiftPackageProductDependency;
			package = A1FBBB4027EA5413001B0A92 /* XCRemoteSwiftPackageReference "firebase-ios-sdk" */;
			productName = FirebaseDatabase;
		};
		A1FBBB5327EA5413001B0A92 /* FirebaseDatabaseSwift-Beta */ = {
			isa = XCSwiftPackageProductDependency;
			package = A1FBBB4027EA5413001B0A92 /* XCRemoteSwiftPackageReference "firebase-ios-sdk" */;
			productName = "FirebaseDatabaseSwift-Beta";
		};
		A1FBBB5527EA5413001B0A92 /* FirebaseDynamicLinks */ = {
			isa = XCSwiftPackageProductDependency;
			package = A1FBBB4027EA5413001B0A92 /* XCRemoteSwiftPackageReference "firebase-ios-sdk" */;
			productName = FirebaseDynamicLinks;
		};
		A1FBBB5727EA5413001B0A92 /* FirebaseFirestore */ = {
			isa = XCSwiftPackageProductDependency;
			package = A1FBBB4027EA5413001B0A92 /* XCRemoteSwiftPackageReference "firebase-ios-sdk" */;
			productName = FirebaseFirestore;
		};
		A1FBBB5927EA5413001B0A92 /* FirebaseFirestoreCombine-Community */ = {
			isa = XCSwiftPackageProductDependency;
			package = A1FBBB4027EA5413001B0A92 /* XCRemoteSwiftPackageReference "firebase-ios-sdk" */;
			productName = "FirebaseFirestoreCombine-Community";
		};
		A1FBBB5B27EA5413001B0A92 /* FirebaseFirestoreSwift-Beta */ = {
			isa = XCSwiftPackageProductDependency;
			package = A1FBBB4027EA5413001B0A92 /* XCRemoteSwiftPackageReference "firebase-ios-sdk" */;
			productName = "FirebaseFirestoreSwift-Beta";
		};
		A1FBBB5D27EA5413001B0A92 /* FirebaseFunctions */ = {
			isa = XCSwiftPackageProductDependency;
			package = A1FBBB4027EA5413001B0A92 /* XCRemoteSwiftPackageReference "firebase-ios-sdk" */;
			productName = FirebaseFunctions;
		};
		A1FBBB5F27EA5413001B0A92 /* FirebaseFunctionsCombine-Community */ = {
			isa = XCSwiftPackageProductDependency;
			package = A1FBBB4027EA5413001B0A92 /* XCRemoteSwiftPackageReference "firebase-ios-sdk" */;
			productName = "FirebaseFunctionsCombine-Community";
		};
		A1FBBB6127EA5413001B0A92 /* FirebaseFunctionsSwift-Beta */ = {
			isa = XCSwiftPackageProductDependency;
			package = A1FBBB4027EA5413001B0A92 /* XCRemoteSwiftPackageReference "firebase-ios-sdk" */;
			productName = "FirebaseFunctionsSwift-Beta";
		};
		A1FBBB6327EA5413001B0A92 /* FirebaseInAppMessaging-Beta */ = {
			isa = XCSwiftPackageProductDependency;
			package = A1FBBB4027EA5413001B0A92 /* XCRemoteSwiftPackageReference "firebase-ios-sdk" */;
			productName = "FirebaseInAppMessaging-Beta";
		};
		A1FBBB6527EA5413001B0A92 /* FirebaseInAppMessagingSwift-Beta */ = {
			isa = XCSwiftPackageProductDependency;
			package = A1FBBB4027EA5413001B0A92 /* XCRemoteSwiftPackageReference "firebase-ios-sdk" */;
			productName = "FirebaseInAppMessagingSwift-Beta";
		};
		A1FBBB6727EA5413001B0A92 /* FirebaseInstallations */ = {
			isa = XCSwiftPackageProductDependency;
			package = A1FBBB4027EA5413001B0A92 /* XCRemoteSwiftPackageReference "firebase-ios-sdk" */;
			productName = FirebaseInstallations;
		};
		A1FBBB6927EA5413001B0A92 /* FirebaseMLModelDownloader */ = {
			isa = XCSwiftPackageProductDependency;
			package = A1FBBB4027EA5413001B0A92 /* XCRemoteSwiftPackageReference "firebase-ios-sdk" */;
			productName = FirebaseMLModelDownloader;
		};
		A1FBBB6B27EA5413001B0A92 /* FirebaseMessaging */ = {
			isa = XCSwiftPackageProductDependency;
			package = A1FBBB4027EA5413001B0A92 /* XCRemoteSwiftPackageReference "firebase-ios-sdk" */;
			productName = FirebaseMessaging;
		};
		A1FBBB6D27EA5413001B0A92 /* FirebasePerformance */ = {
			isa = XCSwiftPackageProductDependency;
			package = A1FBBB4027EA5413001B0A92 /* XCRemoteSwiftPackageReference "firebase-ios-sdk" */;
			productName = FirebasePerformance;
		};
		A1FBBB6F27EA5413001B0A92 /* FirebaseRemoteConfig */ = {
			isa = XCSwiftPackageProductDependency;
			package = A1FBBB4027EA5413001B0A92 /* XCRemoteSwiftPackageReference "firebase-ios-sdk" */;
			productName = FirebaseRemoteConfig;
		};
		A1FBBB7127EA5413001B0A92 /* FirebaseRemoteConfigSwift-Beta */ = {
			isa = XCSwiftPackageProductDependency;
			package = A1FBBB4027EA5413001B0A92 /* XCRemoteSwiftPackageReference "firebase-ios-sdk" */;
			productName = "FirebaseRemoteConfigSwift-Beta";
		};
		A1FBBB7327EA5413001B0A92 /* FirebaseStorage */ = {
			isa = XCSwiftPackageProductDependency;
			package = A1FBBB4027EA5413001B0A92 /* XCRemoteSwiftPackageReference "firebase-ios-sdk" */;
			productName = FirebaseStorage;
		};
		A1FBBB7527EA5413001B0A92 /* FirebaseStorageCombine-Community */ = {
			isa = XCSwiftPackageProductDependency;
			package = A1FBBB4027EA5413001B0A92 /* XCRemoteSwiftPackageReference "firebase-ios-sdk" */;
			productName = "FirebaseStorageCombine-Community";
		};
		A1FBBB7727EA5413001B0A92 /* FirebaseStorageSwift-Beta */ = {
			isa = XCSwiftPackageProductDependency;
			package = A1FBBB4027EA5413001B0A92 /* XCRemoteSwiftPackageReference "firebase-ios-sdk" */;
			productName = "FirebaseStorageSwift-Beta";
		};
/* End XCSwiftPackageProductDependency section */
	};
	rootObject = A1F247EF27E0E36B00AA7A69 /* Project object */;
}
